// !$*UTF8*$!
{
	archiveVersion = 1;
	classes = {
	};
	objectVersion = 56;
	objects = {

/* Begin PBXBuildFile section */
		254003BC2966B11A00A372DC /* TnKsToiletMapApp.swift in Sources */ = {isa = PBXBuildFile; fileRef = 254003BB2966B11A00A372DC /* TnKsToiletMapApp.swift */; };
		254003BE2966B11A00A372DC /* ContentView.swift in Sources */ = {isa = PBXBuildFile; fileRef = 254003BD2966B11A00A372DC /* ContentView.swift */; };
		254003C02966B11A00A372DC /* Assets.xcassets in Resources */ = {isa = PBXBuildFile; fileRef = 254003BF2966B11A00A372DC /* Assets.xcassets */; };
		254003C32966B11A00A372DC /* Preview Assets.xcassets in Resources */ = {isa = PBXBuildFile; fileRef = 254003C22966B11A00A372DC /* Preview Assets.xcassets */; };
		254003CA2966BCB900A372DC /* MapView.swift in Sources */ = {isa = PBXBuildFile; fileRef = 254003C92966BCB900A372DC /* MapView.swift */; };
		254003CC2966BCE700A372DC /* PlaceSearchView.swift in Sources */ = {isa = PBXBuildFile; fileRef = 254003CB2966BCE700A372DC /* PlaceSearchView.swift */; };
		254003CE2966BD1600A372DC /* PlacesSearcher.swift in Sources */ = {isa = PBXBuildFile; fileRef = 254003CD2966BD1600A372DC /* PlacesSearcher.swift */; };
		254003D02966BD7600A372DC /* LocationProvider.swift in Sources */ = {isa = PBXBuildFile; fileRef = 254003CF2966BD7600A372DC /* LocationProvider.swift */; };
		254003D22966BD9400A372DC /* DataFetcher.swift in Sources */ = {isa = PBXBuildFile; fileRef = 254003D12966BD9400A372DC /* DataFetcher.swift */; };
/* End PBXBuildFile section */

/* Begin PBXFileReference section */
		254003B82966B11A00A372DC /* 台南高雄公廁.app */ = {isa = PBXFileReference; explicitFileType = wrapper.application; includeInIndex = 0; path = "台南高雄公廁.app"; sourceTree = BUILT_PRODUCTS_DIR; };
		254003BB2966B11A00A372DC /* TnKsToiletMapApp.swift */ = {isa = PBXFileReference; lastKnownFileType = sourcecode.swift; path = TnKsToiletMapApp.swift; sourceTree = "<group>"; };
		254003BD2966B11A00A372DC /* ContentView.swift */ = {isa = PBXFileReference; lastKnownFileType = sourcecode.swift; path = ContentView.swift; sourceTree = "<group>"; };
		254003BF2966B11A00A372DC /* Assets.xcassets */ = {isa = PBXFileReference; lastKnownFileType = folder.assetcatalog; path = Assets.xcassets; sourceTree = "<group>"; };
		254003C22966B11A00A372DC /* Preview Assets.xcassets */ = {isa = PBXFileReference; lastKnownFileType = folder.assetcatalog; path = "Preview Assets.xcassets"; sourceTree = "<group>"; };
		254003C92966BCB900A372DC /* MapView.swift */ = {isa = PBXFileReference; lastKnownFileType = sourcecode.swift; path = MapView.swift; sourceTree = "<group>"; };
		254003CB2966BCE700A372DC /* PlaceSearchView.swift */ = {isa = PBXFileReference; lastKnownFileType = sourcecode.swift; path = PlaceSearchView.swift; sourceTree = "<group>"; };
		254003CD2966BD1600A372DC /* PlacesSearcher.swift */ = {isa = PBXFileReference; lastKnownFileType = sourcecode.swift; path = PlacesSearcher.swift; sourceTree = "<group>"; };
		254003CF2966BD7600A372DC /* LocationProvider.swift */ = {isa = PBXFileReference; lastKnownFileType = sourcecode.swift; path = LocationProvider.swift; sourceTree = "<group>"; };
		254003D12966BD9400A372DC /* DataFetcher.swift */ = {isa = PBXFileReference; lastKnownFileType = sourcecode.swift; path = DataFetcher.swift; sourceTree = "<group>"; };
/* End PBXFileReference section */

/* Begin PBXFrameworksBuildPhase section */
		254003B52966B11A00A372DC /* Frameworks */ = {
			isa = PBXFrameworksBuildPhase;
			buildActionMask = 2147483647;
			files = (
			);
			runOnlyForDeploymentPostprocessing = 0;
		};
/* End PBXFrameworksBuildPhase section */

/* Begin PBXGroup section */
		254003AF2966B11A00A372DC = {
			isa = PBXGroup;
			children = (
				254003BA2966B11A00A372DC /* TnKsToiletMap */,
				254003B92966B11A00A372DC /* Products */,
			);
			sourceTree = "<group>";
		};
		254003B92966B11A00A372DC /* Products */ = {
			isa = PBXGroup;
			children = (
				254003B82966B11A00A372DC /* 台南高雄公廁.app */,
			);
			name = Products;
			sourceTree = "<group>";
		};
		254003BA2966B11A00A372DC /* TnKsToiletMap */ = {
			isa = PBXGroup;
			children = (
				254003BB2966B11A00A372DC /* TnKsToiletMapApp.swift */,
				254003BD2966B11A00A372DC /* ContentView.swift */,
				254003C92966BCB900A372DC /* MapView.swift */,
				254003CB2966BCE700A372DC /* PlaceSearchView.swift */,
				254003CD2966BD1600A372DC /* PlacesSearcher.swift */,
				254003CF2966BD7600A372DC /* LocationProvider.swift */,
				254003D12966BD9400A372DC /* DataFetcher.swift */,
				254003BF2966B11A00A372DC /* Assets.xcassets */,
				254003C12966B11A00A372DC /* Preview Content */,
			);
			path = TnKsToiletMap;
			sourceTree = "<group>";
		};
		254003C12966B11A00A372DC /* Preview Content */ = {
			isa = PBXGroup;
			children = (
				254003C22966B11A00A372DC /* Preview Assets.xcassets */,
			);
			path = "Preview Content";
			sourceTree = "<group>";
		};
/* End PBXGroup section */

/* Begin PBXNativeTarget section */
		254003B72966B11A00A372DC /* TnKsToiletMap */ = {
			isa = PBXNativeTarget;
			buildConfigurationList = 254003C62966B11A00A372DC /* Build configuration list for PBXNativeTarget "TnKsToiletMap" */;
			buildPhases = (
				254003B42966B11A00A372DC /* Sources */,
				254003B52966B11A00A372DC /* Frameworks */,
				254003B62966B11A00A372DC /* Resources */,
			);
			buildRules = (
			);
			dependencies = (
			);
			name = TnKsToiletMap;
			productName = TnKsToiletMap;
			productReference = 254003B82966B11A00A372DC /* 台南高雄公廁.app */;
			productType = "com.apple.product-type.application";
		};
/* End PBXNativeTarget section */

/* Begin PBXProject section */
		254003B02966B11A00A372DC /* Project object */ = {
			isa = PBXProject;
			attributes = {
				BuildIndependentTargetsInParallel = 1;
				LastSwiftUpdateCheck = 1410;
				LastUpgradeCheck = 1410;
				TargetAttributes = {
					254003B72966B11A00A372DC = {
						CreatedOnToolsVersion = 14.1;
					};
				};
			};
			buildConfigurationList = 254003B32966B11A00A372DC /* Build configuration list for PBXProject "TnKsToiletMap" */;
			compatibilityVersion = "Xcode 14.0";
			developmentRegion = en;
			hasScannedForEncodings = 0;
			knownRegions = (
				en,
				Base,
			);
			mainGroup = 254003AF2966B11A00A372DC;
			productRefGroup = 254003B92966B11A00A372DC /* Products */;
			projectDirPath = "";
			projectRoot = "";
			targets = (
				254003B72966B11A00A372DC /* TnKsToiletMap */,
			);
		};
/* End PBXProject section */

/* Begin PBXResourcesBuildPhase section */
		254003B62966B11A00A372DC /* Resources */ = {
			isa = PBXResourcesBuildPhase;
			buildActionMask = 2147483647;
			files = (
				254003C32966B11A00A372DC /* Preview Assets.xcassets in Resources */,
				254003C02966B11A00A372DC /* Assets.xcassets in Resources */,
			);
			runOnlyForDeploymentPostprocessing = 0;
		};
/* End PBXResourcesBuildPhase section */

/* Begin PBXSourcesBuildPhase section */
		254003B42966B11A00A372DC /* Sources */ = {
			isa = PBXSourcesBuildPhase;
			buildActionMask = 2147483647;
			files = (
				254003CE2966BD1600A372DC /* PlacesSearcher.swift in Sources */,
				254003D22966BD9400A372DC /* DataFetcher.swift in Sources */,
				254003BE2966B11A00A372DC /* ContentView.swift in Sources */,
				254003CA2966BCB900A372DC /* MapView.swift in Sources */,
				254003D02966BD7600A372DC /* LocationProvider.swift in Sources */,
				254003CC2966BCE700A372DC /* PlaceSearchView.swift in Sources */,
				254003BC2966B11A00A372DC /* TnKsToiletMapApp.swift in Sources */,
			);
			runOnlyForDeploymentPostprocessing = 0;
		};
/* End PBXSourcesBuildPhase section */

/* Begin XCBuildConfiguration section */
		254003C42966B11A00A372DC /* Debug */ = {
			isa = XCBuildConfiguration;
			buildSettings = {
				ALWAYS_SEARCH_USER_PATHS = NO;
				CLANG_ANALYZER_NONNULL = YES;
				CLANG_ANALYZER_NUMBER_OBJECT_CONVERSION = YES_AGGRESSIVE;
				CLANG_CXX_LANGUAGE_STANDARD = "gnu++20";
				CLANG_ENABLE_MODULES = YES;
				CLANG_ENABLE_OBJC_ARC = YES;
				CLANG_ENABLE_OBJC_WEAK = YES;
				CLANG_WARN_BLOCK_CAPTURE_AUTORELEASING = YES;
				CLANG_WARN_BOOL_CONVERSION = YES;
				CLANG_WARN_COMMA = YES;
				CLANG_WARN_CONSTANT_CONVERSION = YES;
				CLANG_WARN_DEPRECATED_OBJC_IMPLEMENTATIONS = YES;
				CLANG_WARN_DIRECT_OBJC_ISA_USAGE = YES_ERROR;
				CLANG_WARN_DOCUMENTATION_COMMENTS = YES;
				CLANG_WARN_EMPTY_BODY = YES;
				CLANG_WARN_ENUM_CONVERSION = YES;
				CLANG_WARN_INFINITE_RECURSION = YES;
				CLANG_WARN_INT_CONVERSION = YES;
				CLANG_WARN_NON_LITERAL_NULL_CONVERSION = YES;
				CLANG_WARN_OBJC_IMPLICIT_RETAIN_SELF = YES;
				CLANG_WARN_OBJC_LITERAL_CONVERSION = YES;
				CLANG_WARN_OBJC_ROOT_CLASS = YES_ERROR;
				CLANG_WARN_QUOTED_INCLUDE_IN_FRAMEWORK_HEADER = YES;
				CLANG_WARN_RANGE_LOOP_ANALYSIS = YES;
				CLANG_WARN_STRICT_PROTOTYPES = YES;
				CLANG_WARN_SUSPICIOUS_MOVE = YES;
				CLANG_WARN_UNGUARDED_AVAILABILITY = YES_AGGRESSIVE;
				CLANG_WARN_UNREACHABLE_CODE = YES;
				CLANG_WARN__DUPLICATE_METHOD_MATCH = YES;
				COPY_PHASE_STRIP = NO;
				DEBUG_INFORMATION_FORMAT = dwarf;
				ENABLE_STRICT_OBJC_MSGSEND = YES;
				ENABLE_TESTABILITY = YES;
				GCC_C_LANGUAGE_STANDARD = gnu11;
				GCC_DYNAMIC_NO_PIC = NO;
				GCC_NO_COMMON_BLOCKS = YES;
				GCC_OPTIMIZATION_LEVEL = 0;
				GCC_PREPROCESSOR_DEFINITIONS = (
					"DEBUG=1",
					"$(inherited)",
				);
				GCC_WARN_64_TO_32_BIT_CONVERSION = YES;
				GCC_WARN_ABOUT_RETURN_TYPE = YES_ERROR;
				GCC_WARN_UNDECLARED_SELECTOR = YES;
				GCC_WARN_UNINITIALIZED_AUTOS = YES_AGGRESSIVE;
				GCC_WARN_UNUSED_FUNCTION = YES;
				GCC_WARN_UNUSED_VARIABLE = YES;
				IPHONEOS_DEPLOYMENT_TARGET = 16.1;
				MTL_ENABLE_DEBUG_INFO = INCLUDE_SOURCE;
				MTL_FAST_MATH = YES;
				ONLY_ACTIVE_ARCH = YES;
				SDKROOT = iphoneos;
				SWIFT_ACTIVE_COMPILATION_CONDITIONS = DEBUG;
				SWIFT_OPTIMIZATION_LEVEL = "-Onone";
			};
			name = Debug;
		};
		254003C52966B11A00A372DC /* Release */ = {
			isa = XCBuildConfiguration;
			buildSettings = {
				ALWAYS_SEARCH_USER_PATHS = NO;
				CLANG_ANALYZER_NONNULL = YES;
				CLANG_ANALYZER_NUMBER_OBJECT_CONVERSION = YES_AGGRESSIVE;
				CLANG_CXX_LANGUAGE_STANDARD = "gnu++20";
				CLANG_ENABLE_MODULES = YES;
				CLANG_ENABLE_OBJC_ARC = YES;
				CLANG_ENABLE_OBJC_WEAK = YES;
				CLANG_WARN_BLOCK_CAPTURE_AUTORELEASING = YES;
				CLANG_WARN_BOOL_CONVERSION = YES;
				CLANG_WARN_COMMA = YES;
				CLANG_WARN_CONSTANT_CONVERSION = YES;
				CLANG_WARN_DEPRECATED_OBJC_IMPLEMENTATIONS = YES;
				CLANG_WARN_DIRECT_OBJC_ISA_USAGE = YES_ERROR;
				CLANG_WARN_DOCUMENTATION_COMMENTS = YES;
				CLANG_WARN_EMPTY_BODY = YES;
				CLANG_WARN_ENUM_CONVERSION = YES;
				CLANG_WARN_INFINITE_RECURSION = YES;
				CLANG_WARN_INT_CONVERSION = YES;
				CLANG_WARN_NON_LITERAL_NULL_CONVERSION = YES;
				CLANG_WARN_OBJC_IMPLICIT_RETAIN_SELF = YES;
				CLANG_WARN_OBJC_LITERAL_CONVERSION = YES;
				CLANG_WARN_OBJC_ROOT_CLASS = YES_ERROR;
				CLANG_WARN_QUOTED_INCLUDE_IN_FRAMEWORK_HEADER = YES;
				CLANG_WARN_RANGE_LOOP_ANALYSIS = YES;
				CLANG_WARN_STRICT_PROTOTYPES = YES;
				CLANG_WARN_SUSPICIOUS_MOVE = YES;
				CLANG_WARN_UNGUARDED_AVAILABILITY = YES_AGGRESSIVE;
				CLANG_WARN_UNREACHABLE_CODE = YES;
				CLANG_WARN__DUPLICATE_METHOD_MATCH = YES;
				COPY_PHASE_STRIP = NO;
				DEBUG_INFORMATION_FORMAT = "dwarf-with-dsym";
				ENABLE_NS_ASSERTIONS = NO;
				ENABLE_STRICT_OBJC_MSGSEND = YES;
				GCC_C_LANGUAGE_STANDARD = gnu11;
				GCC_NO_COMMON_BLOCKS = YES;
				GCC_WARN_64_TO_32_BIT_CONVERSION = YES;
				GCC_WARN_ABOUT_RETURN_TYPE = YES_ERROR;
				GCC_WARN_UNDECLARED_SELECTOR = YES;
				GCC_WARN_UNINITIALIZED_AUTOS = YES_AGGRESSIVE;
				GCC_WARN_UNUSED_FUNCTION = YES;
				GCC_WARN_UNUSED_VARIABLE = YES;
				IPHONEOS_DEPLOYMENT_TARGET = 16.1;
				MTL_ENABLE_DEBUG_INFO = NO;
				MTL_FAST_MATH = YES;
				SDKROOT = iphoneos;
				SWIFT_COMPILATION_MODE = wholemodule;
				SWIFT_OPTIMIZATION_LEVEL = "-O";
				VALIDATE_PRODUCT = YES;
			};
			name = Release;
		};
		254003C72966B11A00A372DC /* Debug */ = {
			isa = XCBuildConfiguration;
			buildSettings = {
				ASSETCATALOG_COMPILER_APPICON_NAME = AppIcon;
				ASSETCATALOG_COMPILER_GLOBAL_ACCENT_COLOR_NAME = AccentColor;
				CODE_SIGN_STYLE = Automatic;
				CURRENT_PROJECT_VERSION = 8;
				DEVELOPMENT_ASSET_PATHS = "\"TnKsToiletMap/Preview Content\"";
				DEVELOPMENT_TEAM = ZQQXZWEJB5;
				ENABLE_PREVIEWS = YES;
				GENERATE_INFOPLIST_FILE = YES;
				INFOPLIST_KEY_NSLocationAlwaysUsageDescription = "需要開啟定位功能以便查詢附近的公廁";
				INFOPLIST_KEY_NSLocationWhenInUseUsageDescription = "需要開啟定位功能以便查詢附近的公廁";
				INFOPLIST_KEY_UIApplicationSceneManifest_Generation = YES;
				INFOPLIST_KEY_UIApplicationSupportsIndirectInputEvents = YES;
				INFOPLIST_KEY_UILaunchScreen_Generation = YES;
				INFOPLIST_KEY_UISupportedInterfaceOrientations = UIInterfaceOrientationPortrait;
				INFOPLIST_KEY_UISupportedInterfaceOrientations_iPad = "UIInterfaceOrientationLandscapeLeft UIInterfaceOrientationLandscapeRight UIInterfaceOrientationPortrait UIInterfaceOrientationPortraitUpsideDown";
				IPHONEOS_DEPLOYMENT_TARGET = 14.0;
				LD_RUNPATH_SEARCH_PATHS = (
					"$(inherited)",
					"@executable_path/Frameworks",
				);
				MARKETING_VERSION = 1.5.2;
				PRODUCT_BUNDLE_IDENTIFIER = tw.wclingdev.iapp.TnKsToiletMap;
				PRODUCT_NAME = "台南高雄公廁";
				SWIFT_EMIT_LOC_STRINGS = YES;
				SWIFT_VERSION = 5.0;
				TARGETED_DEVICE_FAMILY = "1,2";
			};
			name = Debug;
		};
		254003C82966B11A00A372DC /* Release */ = {
			isa = XCBuildConfiguration;
			buildSettings = {
				ASSETCATALOG_COMPILER_APPICON_NAME = AppIcon;
				ASSETCATALOG_COMPILER_GLOBAL_ACCENT_COLOR_NAME = AccentColor;
				CODE_SIGN_STYLE = Automatic;
				CURRENT_PROJECT_VERSION = 8;
				DEVELOPMENT_ASSET_PATHS = "\"TnKsToiletMap/Preview Content\"";
				DEVELOPMENT_TEAM = ZQQXZWEJB5;
				ENABLE_PREVIEWS = YES;
				GENERATE_INFOPLIST_FILE = YES;
				INFOPLIST_KEY_NSLocationAlwaysUsageDescription = "需要開啟定位功能以便查詢附近的公廁";
				INFOPLIST_KEY_NSLocationWhenInUseUsageDescription = "需要開啟定位功能以便查詢附近的公廁";
				INFOPLIST_KEY_UIApplicationSceneManifest_Generation = YES;
				INFOPLIST_KEY_UIApplicationSupportsIndirectInputEvents = YES;
				INFOPLIST_KEY_UILaunchScreen_Generation = YES;
				INFOPLIST_KEY_UISupportedInterfaceOrientations = UIInterfaceOrientationPortrait;
				INFOPLIST_KEY_UISupportedInterfaceOrientations_iPad = "UIInterfaceOrientationLandscapeLeft UIInterfaceOrientationLandscapeRight UIInterfaceOrientationPortrait UIInterfaceOrientationPortraitUpsideDown";
				IPHONEOS_DEPLOYMENT_TARGET = 14.0;
				LD_RUNPATH_SEARCH_PATHS = (
					"$(inherited)",
					"@executable_path/Frameworks",
				);
				MARKETING_VERSION = 1.5.2;
				PRODUCT_BUNDLE_IDENTIFIER = tw.wclingdev.iapp.TnKsToiletMap;
				PRODUCT_NAME = "台南高雄公廁";
				SWIFT_EMIT_LOC_STRINGS = YES;
				SWIFT_VERSION = 5.0;
				TARGETED_DEVICE_FAMILY = "1,2";
			};
			name = Release;
		};
/* End XCBuildConfiguration section */

/* Begin XCConfigurationList section */
		254003B32966B11A00A372DC /* Build configuration list for PBXProject "TnKsToiletMap" */ = {
			isa = XCConfigurationList;
			buildConfigurations = (
				254003C42966B11A00A372DC /* Debug */,
				254003C52966B11A00A372DC /* Release */,
			);
			defaultConfigurationIsVisible = 0;
			defaultConfigurationName = Release;
		};
		254003C62966B11A00A372DC /* Build configuration list for PBXNativeTarget "TnKsToiletMap" */ = {
			isa = XCConfigurationList;
			buildConfigurations = (
				254003C72966B11A00A372DC /* Debug */,
				254003C82966B11A00A372DC /* Release */,
			);
			defaultConfigurationIsVisible = 0;
			defaultConfigurationName = Release;
		};
/* End XCConfigurationList section */
	};
	rootObject = 254003B02966B11A00A372DC /* Project object */;
}
